
Microsoft Visual Studio Solution File, Format Version 12.00
# Visual Studio Version 17
VisualStudioVersion = 17.0.32112.339
MinimumVisualStudioVersion = 10.0.40219.1
Project("{9A19103F-16F7-4668-BE54-9A1E7A4F7556}") = "IntrodutionProject", "IntrodutionProject\IntrodutionProject.csproj", "{7190BDE9-045D-4211-BC3D-B1395D65671C}"
EndProject
Project("{9A19103F-16F7-4668-BE54-9A1E7A4F7556}") = "Net-Example.Properties", "Net.Examples\Net-Example.Properties.csproj", "{768B5CCD-E985-42A4-BA59-5B89831CDA23}"
EndProject
Project("{9A19103F-16F7-4668-BE54-9A1E7A4F7556}") = "Net-Example.Structs", "Net-Example.Structs\Net-Example.Structs.csproj", "{A18DAB38-CC76-48F5-910D-108AA1A30D6D}"
EndProject
Project("{9A19103F-16F7-4668-BE54-9A1E7A4F7556}") = "Net-Example.Enums", "Net-Example.Enums\Net-Example.Enums.csproj", "{5CE320AD-4B88-4ECE-9C40-5F0EB6BC6BCD}"
EndProject
Project("{9A19103F-16F7-4668-BE54-9A1E7A4F7556}") = "Net-Example.Ref-In-Out", "Net-Example.Ref-In-Out\Net-Example.Ref-In-Out.csproj", "{BE42E432-64FA-42C4-9971-6EAF1088CBED}"
EndProject
Project("{9A19103F-16F7-4668-BE54-9A1E7A4F7556}") = "Net-Example.Tuples", "Net-Example.Tuples\Net-Example.Tuples.csproj", "{9EB65853-0CCD-4FEB-84A3-D18567159DC3}"
EndProject
Project("{9A19103F-16F7-4668-BE54-9A1E7A4F7556}") = "Net-Example.Partials", "Net-Example.Partials\Net-Example.Partials.csproj", "{EC4B7800-33F4-4859-83DF-50689B5367F2}"
EndProject
Project("{9A19103F-16F7-4668-BE54-9A1E7A4F7556}") = "Net-Example.Generics", "Net-Example.Generics\Net-Example.Generics.csproj", "{0BCA578D-F804-4916-90F2-6D49541B0644}"
EndProject
Project("{9A19103F-16F7-4668-BE54-9A1E7A4F7556}") = "Net-Example.Inheritance", "Net-Example.Inheritance\Net-Example.Inheritance.csproj", "{813DB5FE-AFF5-4B86-9380-812F128C000E}"
EndProject
Project("{9A19103F-16F7-4668-BE54-9A1E7A4F7556}") = "Net-Example.Operations", "Net-Example.Operations\Net-Example.Operations.csproj", "{C29C4D09-0FD7-4B9C-8812-64ED050F849B}"
EndProject
Project("{9A19103F-16F7-4668-BE54-9A1E7A4F7556}") = "Net-Example.Array", "Net-Example.Array\Net-Example.Array.csproj", "{9EE6C889-4787-4BAA-B9EE-F4D1086A6608}"
EndProject
Project("{FAE04EC0-301F-11D3-BF4B-00C04F79EFBC}") = "Net-Example.Delegate", "Net-Example.Delegate\Net-Example.Delegate.csproj", "{A8E6343B-C848-4893-AEF7-1494FF9ED1EB}"
EndProject
Project("{FAE04EC0-301F-11D3-BF4B-00C04F79EFBC}") = "Net-Example.Collections", "Net-Example.Collections\Net-Example.Collections.csproj", "{10CE1B3E-9100-48A8-BACE-826DBDF808C7}"
EndProject
Project("{FAE04EC0-301F-11D3-BF4B-00C04F79EFBC}") = "Net-Example.Exceptions", "Net-Example.Exceptions\Net-Example.Exceptions.csproj", "{99DD3899-6E0B-499B-8586-377C9B6B5F11}"
EndProject
Project("{FAE04EC0-301F-11D3-BF4B-00C04F79EFBC}") = "Net-Example.Linq", "Net-Example.Linq\Net-Example.Linq.csproj", "{C0421C7B-C802-44E8-91C1-AA72D8BA5C4B}"
EndProject
Global
	GlobalSection(SolutionConfigurationPlatforms) = preSolution
		Debug|Any CPU = Debug|Any CPU
		Release|Any CPU = Release|Any CPU
	EndGlobalSection
	GlobalSection(ProjectConfigurationPlatforms) = postSolution
		{7190BDE9-045D-4211-BC3D-B1395D65671C}.Debug|Any CPU.ActiveCfg = Debug|Any CPU
		{7190BDE9-045D-4211-BC3D-B1395D65671C}.Debug|Any CPU.Build.0 = Debug|Any CPU
		{7190BDE9-045D-4211-BC3D-B1395D65671C}.Release|Any CPU.ActiveCfg = Release|Any CPU
		{7190BDE9-045D-4211-BC3D-B1395D65671C}.Release|Any CPU.Build.0 = Release|Any CPU
		{768B5CCD-E985-42A4-BA59-5B89831CDA23}.Debug|Any CPU.ActiveCfg = Debug|Any CPU
		{768B5CCD-E985-42A4-BA59-5B89831CDA23}.Debug|Any CPU.Build.0 = Debug|Any CPU
		{768B5CCD-E985-42A4-BA59-5B89831CDA23}.Release|Any CPU.ActiveCfg = Release|Any CPU
		{768B5CCD-E985-42A4-BA59-5B89831CDA23}.Release|Any CPU.Build.0 = Release|Any CPU
		{A18DAB38-CC76-48F5-910D-108AA1A30D6D}.Debug|Any CPU.ActiveCfg = Debug|Any CPU
		{A18DAB38-CC76-48F5-910D-108AA1A30D6D}.Debug|Any CPU.Build.0 = Debug|Any CPU
		{A18DAB38-CC76-48F5-910D-108AA1A30D6D}.Release|Any CPU.ActiveCfg = Release|Any CPU
		{A18DAB38-CC76-48F5-910D-108AA1A30D6D}.Release|Any CPU.Build.0 = Release|Any CPU
		{5CE320AD-4B88-4ECE-9C40-5F0EB6BC6BCD}.Debug|Any CPU.ActiveCfg = Debug|Any CPU
		{5CE320AD-4B88-4ECE-9C40-5F0EB6BC6BCD}.Debug|Any CPU.Build.0 = Debug|Any CPU
		{5CE320AD-4B88-4ECE-9C40-5F0EB6BC6BCD}.Release|Any CPU.ActiveCfg = Release|Any CPU
		{5CE320AD-4B88-4ECE-9C40-5F0EB6BC6BCD}.Release|Any CPU.Build.0 = Release|Any CPU
		{BE42E432-64FA-42C4-9971-6EAF1088CBED}.Debug|Any CPU.ActiveCfg = Debug|Any CPU
		{BE42E432-64FA-42C4-9971-6EAF1088CBED}.Debug|Any CPU.Build.0 = Debug|Any CPU
		{BE42E432-64FA-42C4-9971-6EAF1088CBED}.Release|Any CPU.ActiveCfg = Release|Any CPU
		{BE42E432-64FA-42C4-9971-6EAF1088CBED}.Release|Any CPU.Build.0 = Release|Any CPU
		{9EB65853-0CCD-4FEB-84A3-D18567159DC3}.Debug|Any CPU.ActiveCfg = Debug|Any CPU
		{9EB65853-0CCD-4FEB-84A3-D18567159DC3}.Debug|Any CPU.Build.0 = Debug|Any CPU
		{9EB65853-0CCD-4FEB-84A3-D18567159DC3}.Release|Any CPU.ActiveCfg = Release|Any CPU
		{9EB65853-0CCD-4FEB-84A3-D18567159DC3}.Release|Any CPU.Build.0 = Release|Any CPU
		{EC4B7800-33F4-4859-83DF-50689B5367F2}.Debug|Any CPU.ActiveCfg = Debug|Any CPU
		{EC4B7800-33F4-4859-83DF-50689B5367F2}.Debug|Any CPU.Build.0 = Debug|Any CPU
		{EC4B7800-33F4-4859-83DF-50689B5367F2}.Release|Any CPU.ActiveCfg = Release|Any CPU
		{EC4B7800-33F4-4859-83DF-50689B5367F2}.Release|Any CPU.Build.0 = Release|Any CPU
		{0BCA578D-F804-4916-90F2-6D49541B0644}.Debug|Any CPU.ActiveCfg = Debug|Any CPU
		{0BCA578D-F804-4916-90F2-6D49541B0644}.Debug|Any CPU.Build.0 = Debug|Any CPU
		{0BCA578D-F804-4916-90F2-6D49541B0644}.Release|Any CPU.ActiveCfg = Release|Any CPU
		{0BCA578D-F804-4916-90F2-6D49541B0644}.Release|Any CPU.Build.0 = Release|Any CPU
		{813DB5FE-AFF5-4B86-9380-812F128C000E}.Debug|Any CPU.ActiveCfg = Debug|Any CPU
		{813DB5FE-AFF5-4B86-9380-812F128C000E}.Debug|Any CPU.Build.0 = Debug|Any CPU
		{813DB5FE-AFF5-4B86-9380-812F128C000E}.Release|Any CPU.ActiveCfg = Release|Any CPU
		{813DB5FE-AFF5-4B86-9380-812F128C000E}.Release|Any CPU.Build.0 = Release|Any CPU
		{C29C4D09-0FD7-4B9C-8812-64ED050F849B}.Debug|Any CPU.ActiveCfg = Debug|Any CPU
		{C29C4D09-0FD7-4B9C-8812-64ED050F849B}.Debug|Any CPU.Build.0 = Debug|Any CPU
		{C29C4D09-0FD7-4B9C-8812-64ED050F849B}.Release|Any CPU.ActiveCfg = Release|Any CPU
		{C29C4D09-0FD7-4B9C-8812-64ED050F849B}.Release|Any CPU.Build.0 = Release|Any CPU
		{9EE6C889-4787-4BAA-B9EE-F4D1086A6608}.Debug|Any CPU.ActiveCfg = Debug|Any CPU
		{9EE6C889-4787-4BAA-B9EE-F4D1086A6608}.Debug|Any CPU.Build.0 = Debug|Any CPU
		{9EE6C889-4787-4BAA-B9EE-F4D1086A6608}.Release|Any CPU.ActiveCfg = Release|Any CPU
		{9EE6C889-4787-4BAA-B9EE-F4D1086A6608}.Release|Any CPU.Build.0 = Release|Any CPU
		{A8E6343B-C848-4893-AEF7-1494FF9ED1EB}.Debug|Any CPU.ActiveCfg = Debug|Any CPU
		{A8E6343B-C848-4893-AEF7-1494FF9ED1EB}.Debug|Any CPU.Build.0 = Debug|Any CPU
		{A8E6343B-C848-4893-AEF7-1494FF9ED1EB}.Release|Any CPU.ActiveCfg = Release|Any CPU
		{A8E6343B-C848-4893-AEF7-1494FF9ED1EB}.Release|Any CPU.Build.0 = Release|Any CPU
		{10CE1B3E-9100-48A8-BACE-826DBDF808C7}.Debug|Any CPU.ActiveCfg = Debug|Any CPU
		{10CE1B3E-9100-48A8-BACE-826DBDF808C7}.Debug|Any CPU.Build.0 = Debug|Any CPU
		{10CE1B3E-9100-48A8-BACE-826DBDF808C7}.Release|Any CPU.ActiveCfg = Release|Any CPU
		{10CE1B3E-9100-48A8-BACE-826DBDF808C7}.Release|Any CPU.Build.0 = Release|Any CPU
		{DCDD0BE3-9AF2-42F0-A033-4D28BB0FCCA1}.Debug|Any CPU.ActiveCfg = Debug|Any CPU
		{DCDD0BE3-9AF2-42F0-A033-4D28BB0FCCA1}.Debug|Any CPU.Build.0 = Debug|Any CPU
		{DCDD0BE3-9AF2-42F0-A033-4D28BB0FCCA1}.Release|Any CPU.ActiveCfg = Release|Any CPU
		{DCDD0BE3-9AF2-42F0-A033-4D28BB0FCCA1}.Release|Any CPU.Build.0 = Release|Any CPU
		{99DD3899-6E0B-499B-8586-377C9B6B5F11}.Debug|Any CPU.ActiveCfg = Debug|Any CPU
		{99DD3899-6E0B-499B-8586-377C9B6B5F11}.Debug|Any CPU.Build.0 = Debug|Any CPU
		{99DD3899-6E0B-499B-8586-377C9B6B5F11}.Release|Any CPU.ActiveCfg = Release|Any CPU
		{99DD3899-6E0B-499B-8586-377C9B6B5F11}.Release|Any CPU.Build.0 = Release|Any CPU
		{C0421C7B-C802-44E8-91C1-AA72D8BA5C4B}.Debug|Any CPU.ActiveCfg = Debug|Any CPU
		{C0421C7B-C802-44E8-91C1-AA72D8BA5C4B}.Debug|Any CPU.Build.0 = Debug|Any CPU
		{C0421C7B-C802-44E8-91C1-AA72D8BA5C4B}.Release|Any CPU.ActiveCfg = Release|Any CPU
		{C0421C7B-C802-44E8-91C1-AA72D8BA5C4B}.Release|Any CPU.Build.0 = Release|Any CPU
	EndGlobalSection
	GlobalSection(SolutionProperties) = preSolution
		HideSolutionNode = FALSE
	EndGlobalSection
	GlobalSection(ExtensibilityGlobals) = postSolution
		SolutionGuid = {1BC56236-B24F-4AC2-AB2B-80B504042A56}
	EndGlobalSection
EndGlobal
